
Microsoft Visual Studio Solution File, Format Version 12.00
# Visual Studio Version 17
VisualStudioVersion = 17.8.34408.163
MinimumVisualStudioVersion = 10.0.40219.1
Project("{9A19103F-16F7-4668-BE54-9A1E7A4F7556}") = "CarManufacturer", "CarManufacturer.csproj", "{A17A4B55-A503-4A5A-9369-53FC1A0FF3DF}"
EndProject
Global
	GlobalSection(SolutionConfigurationPlatforms) = preSolution
		Debug|Any CPU = Debug|Any CPU
		Release|Any CPU = Release|Any CPU
	EndGlobalSection
	GlobalSection(ProjectConfigurationPlatforms) = postSolution
		{A17A4B55-A503-4A5A-9369-53FC1A0FF3DF}.Debug|Any CPU.ActiveCfg = Debug|Any CPU
		{A17A4B55-A503-4A5A-9369-53FC1A0FF3DF}.Debug|Any CPU.Build.0 = Debug|Any CPU
		{A17A4B55-A503-4A5A-9369-53FC1A0FF3DF}.Release|Any CPU.ActiveCfg = Release|Any CPU
		{A17A4B55-A503-4A5A-9369-53FC1A0FF3DF}.Release|Any CPU.Build.0 = Release|Any CPU
	EndGlobalSection
	GlobalSection(SolutionProperties) = preSolution
		HideSolutionNode = FALSE
	EndGlobalSection
	GlobalSection(ExtensibilityGlobals) = postSolution
		SolutionGuid = {7F1B8C36-9BD4-45C0-9A17-15E7090C53AD}
	EndGlobalSection
EndGlobal
